
Microsoft Visual Studio Solution File, Format Version 12.00
# Visual Studio Version 16
VisualStudioVersion = 16.0.31005.135
MinimumVisualStudioVersion = 10.0.40219.1
Project("{FAE04EC0-301F-11D3-BF4B-00C04F79EFBC}") = "Exercice3", "Exercice3\Exercice3.csproj", "{C42A2FC9-F67F-4F13-B21F-8F1D615CFC7E}"
EndProject
Global
	GlobalSection(SolutionConfigurationPlatforms) = preSolution
		Debug|Any CPU = Debug|Any CPU
		Release|Any CPU = Release|Any CPU
	EndGlobalSection
	GlobalSection(ProjectConfigurationPlatforms) = postSolution
		{C42A2FC9-F67F-4F13-B21F-8F1D615CFC7E}.Debug|Any CPU.ActiveCfg = Debug|Any CPU
		{C42A2FC9-F67F-4F13-B21F-8F1D615CFC7E}.Debug|Any CPU.Build.0 = Debug|Any CPU
		{C42A2FC9-F67F-4F13-B21F-8F1D615CFC7E}.Release|Any CPU.ActiveCfg = Release|Any CPU
		{C42A2FC9-F67F-4F13-B21F-8F1D615CFC7E}.Release|Any CPU.Build.0 = Release|Any CPU
	EndGlobalSection
	GlobalSection(SolutionProperties) = preSolution
		HideSolutionNode = FALSE
	EndGlobalSection
	GlobalSection(ExtensibilityGlobals) = postSolution
		SolutionGuid = {D2FA982E-FFA0-4D03-AFB5-9EC68440D5EC}
	EndGlobalSection
EndGlobal
