
Microsoft Visual Studio Solution File, Format Version 12.00
# Visual Studio Version 16
VisualStudioVersion = 16.0.31005.135
MinimumVisualStudioVersion = 10.0.40219.1
Project("{FAE04EC0-301F-11D3-BF4B-00C04F79EFBC}") = "Exercice1", "Exercice1\Exercice1.csproj", "{AC5F5208-D4ED-4F64-B063-15F44E119E24}"
EndProject
Global
	GlobalSection(SolutionConfigurationPlatforms) = preSolution
		Debug|Any CPU = Debug|Any CPU
		Release|Any CPU = Release|Any CPU
	EndGlobalSection
	GlobalSection(ProjectConfigurationPlatforms) = postSolution
		{AC5F5208-D4ED-4F64-B063-15F44E119E24}.Debug|Any CPU.ActiveCfg = Debug|Any CPU
		{AC5F5208-D4ED-4F64-B063-15F44E119E24}.Debug|Any CPU.Build.0 = Debug|Any CPU
		{AC5F5208-D4ED-4F64-B063-15F44E119E24}.Release|Any CPU.ActiveCfg = Release|Any CPU
		{AC5F5208-D4ED-4F64-B063-15F44E119E24}.Release|Any CPU.Build.0 = Release|Any CPU
	EndGlobalSection
	GlobalSection(SolutionProperties) = preSolution
		HideSolutionNode = FALSE
	EndGlobalSection
	GlobalSection(ExtensibilityGlobals) = postSolution
		SolutionGuid = {C9F2392A-2E1B-40E3-9BFB-E8459E4BFC43}
	EndGlobalSection
EndGlobal
