
Microsoft Visual Studio Solution File, Format Version 12.00
# Visual Studio Version 16
VisualStudioVersion = 16.0.31005.135
MinimumVisualStudioVersion = 10.0.40219.1
Project("{FAE04EC0-301F-11D3-BF4B-00C04F79EFBC}") = "Exercice2", "Exercice2\Exercice2.csproj", "{8D06B106-4795-4C49-878F-23312160809F}"
EndProject
Global
	GlobalSection(SolutionConfigurationPlatforms) = preSolution
		Debug|Any CPU = Debug|Any CPU
		Release|Any CPU = Release|Any CPU
	EndGlobalSection
	GlobalSection(ProjectConfigurationPlatforms) = postSolution
		{8D06B106-4795-4C49-878F-23312160809F}.Debug|Any CPU.ActiveCfg = Debug|Any CPU
		{8D06B106-4795-4C49-878F-23312160809F}.Debug|Any CPU.Build.0 = Debug|Any CPU
		{8D06B106-4795-4C49-878F-23312160809F}.Release|Any CPU.ActiveCfg = Release|Any CPU
		{8D06B106-4795-4C49-878F-23312160809F}.Release|Any CPU.Build.0 = Release|Any CPU
	EndGlobalSection
	GlobalSection(SolutionProperties) = preSolution
		HideSolutionNode = FALSE
	EndGlobalSection
	GlobalSection(ExtensibilityGlobals) = postSolution
		SolutionGuid = {6706A352-3A0D-4A3B-9A69-5FDDDB256CD5}
	EndGlobalSection
EndGlobal
